// !$*UTF8*$!
{
	archiveVersion = 1;
	classes = {
	};
	objectVersion = 56;
	objects = {

/* Begin PBXBuildFile section */
		FAAD3FB82A91F30900F633D6 /* AppDelegate.swift in Sources */ = {isa = PBXBuildFile; fileRef = FAAD3FB72A91F30900F633D6 /* AppDelegate.swift */; };
		FAAD3FBA2A91F30900F633D6 /* SceneDelegate.swift in Sources */ = {isa = PBXBuildFile; fileRef = FAAD3FB92A91F30900F633D6 /* SceneDelegate.swift */; };
		FAAD3FBC2A91F30900F633D6 /* ViewController.swift in Sources */ = {isa = PBXBuildFile; fileRef = FAAD3FBB2A91F30900F633D6 /* ViewController.swift */; };
		FAAD3FBF2A91F30900F633D6 /* Main.storyboard in Resources */ = {isa = PBXBuildFile; fileRef = FAAD3FBD2A91F30900F633D6 /* Main.storyboard */; };
		FAAD3FC22A91F30900F633D6 /* learncoordinatorpattern.xcdatamodeld in Sources */ = {isa = PBXBuildFile; fileRef = FAAD3FC02A91F30900F633D6 /* learncoordinatorpattern.xcdatamodeld */; };
		FAAD3FC42A91F30A00F633D6 /* Assets.xcassets in Resources */ = {isa = PBXBuildFile; fileRef = FAAD3FC32A91F30A00F633D6 /* Assets.xcassets */; };
		FAAD3FC72A91F30A00F633D6 /* LaunchScreen.storyboard in Resources */ = {isa = PBXBuildFile; fileRef = FAAD3FC52A91F30A00F633D6 /* LaunchScreen.storyboard */; };
/* End PBXBuildFile section */

/* Begin PBXFileReference section */
		FAAD3FB42A91F30900F633D6 /* learncoordinatorpattern.app */ = {isa = PBXFileReference; explicitFileType = wrapper.application; includeInIndex = 0; path = learncoordinatorpattern.app; sourceTree = BUILT_PRODUCTS_DIR; };
		FAAD3FB72A91F30900F633D6 /* AppDelegate.swift */ = {isa = PBXFileReference; lastKnownFileType = sourcecode.swift; path = AppDelegate.swift; sourceTree = "<group>"; };
		FAAD3FB92A91F30900F633D6 /* SceneDelegate.swift */ = {isa = PBXFileReference; lastKnownFileType = sourcecode.swift; path = SceneDelegate.swift; sourceTree = "<group>"; };
		FAAD3FBB2A91F30900F633D6 /* ViewController.swift */ = {isa = PBXFileReference; lastKnownFileType = sourcecode.swift; path = ViewController.swift; sourceTree = "<group>"; };
		FAAD3FBE2A91F30900F633D6 /* Base */ = {isa = PBXFileReference; lastKnownFileType = file.storyboard; name = Base; path = Base.lproj/Main.storyboard; sourceTree = "<group>"; };
		FAAD3FC12A91F30900F633D6 /* learncoordinatorpattern.xcdatamodel */ = {isa = PBXFileReference; lastKnownFileType = wrapper.xcdatamodel; path = learncoordinatorpattern.xcdatamodel; sourceTree = "<group>"; };
		FAAD3FC32A91F30A00F633D6 /* Assets.xcassets */ = {isa = PBXFileReference; lastKnownFileType = folder.assetcatalog; path = Assets.xcassets; sourceTree = "<group>"; };
		FAAD3FC62A91F30A00F633D6 /* Base */ = {isa = PBXFileReference; lastKnownFileType = file.storyboard; name = Base; path = Base.lproj/LaunchScreen.storyboard; sourceTree = "<group>"; };
		FAAD3FC82A91F30A00F633D6 /* Info.plist */ = {isa = PBXFileReference; lastKnownFileType = text.plist.xml; path = Info.plist; sourceTree = "<group>"; };
/* End PBXFileReference section */

/* Begin PBXFrameworksBuildPhase section */
		FAAD3FB12A91F30900F633D6 /* Frameworks */ = {
			isa = PBXFrameworksBuildPhase;
			buildActionMask = 2147483647;
			files = (
			);
			runOnlyForDeploymentPostprocessing = 0;
		};
/* End PBXFrameworksBuildPhase section */

/* Begin PBXGroup section */
		FAAD3FAB2A91F30900F633D6 = {
			isa = PBXGroup;
			children = (
				FAAD3FB62A91F30900F633D6 /* learncoordinatorpattern */,
				FAAD3FB52A91F30900F633D6 /* Products */,
			);
			sourceTree = "<group>";
		};
		FAAD3FB52A91F30900F633D6 /* Products */ = {
			isa = PBXGroup;
			children = (
				FAAD3FB42A91F30900F633D6 /* learncoordinatorpattern.app */,
			);
			name = Products;
			sourceTree = "<group>";
		};
		FAAD3FB62A91F30900F633D6 /* learncoordinatorpattern */ = {
			isa = PBXGroup;
			children = (
				FAAD3FB72A91F30900F633D6 /* AppDelegate.swift */,
				FAAD3FB92A91F30900F633D6 /* SceneDelegate.swift */,
				FAAD3FBB2A91F30900F633D6 /* ViewController.swift */,
				FAAD3FBD2A91F30900F633D6 /* Main.storyboard */,
				FAAD3FC32A91F30A00F633D6 /* Assets.xcassets */,
				FAAD3FC52A91F30A00F633D6 /* LaunchScreen.storyboard */,
				FAAD3FC82A91F30A00F633D6 /* Info.plist */,
				FAAD3FC02A91F30900F633D6 /* learncoordinatorpattern.xcdatamodeld */,
			);
			path = learncoordinatorpattern;
			sourceTree = "<group>";
		};
/* End PBXGroup section */

/* Begin PBXNativeTarget section */
		FAAD3FB32A91F30900F633D6 /* learncoordinatorpattern */ = {
			isa = PBXNativeTarget;
			buildConfigurationList = FAAD3FCB2A91F30A00F633D6 /* Build configuration list for PBXNativeTarget "learncoordinatorpattern" */;
			buildPhases = (
				FAAD3FB02A91F30900F633D6 /* Sources */,
				FAAD3FB12A91F30900F633D6 /* Frameworks */,
				FAAD3FB22A91F30900F633D6 /* Resources */,
			);
			buildRules = (
			);
			dependencies = (
			);
			name = learncoordinatorpattern;
			productName = learncoordinatorpattern;
			productReference = FAAD3FB42A91F30900F633D6 /* learncoordinatorpattern.app */;
			productType = "com.apple.product-type.application";
		};
/* End PBXNativeTarget section */

/* Begin PBXProject section */
		FAAD3FAC2A91F30900F633D6 /* Project object */ = {
			isa = PBXProject;
			attributes = {
				BuildIndependentTargetsInParallel = 1;
				LastSwiftUpdateCheck = 1430;
				LastUpgradeCheck = 1430;
				TargetAttributes = {
					FAAD3FB32A91F30900F633D6 = {
						CreatedOnToolsVersion = 14.3.1;
					};
				};
			};
			buildConfigurationList = FAAD3FAF2A91F30900F633D6 /* Build configuration list for PBXProject "learncoordinatorpattern" */;
			compatibilityVersion = "Xcode 14.0";
			developmentRegion = en;
			hasScannedForEncodings = 0;
			knownRegions = (
				en,
				Base,
			);
			mainGroup = FAAD3FAB2A91F30900F633D6;
			productRefGroup = FAAD3FB52A91F30900F633D6 /* Products */;
			projectDirPath = "";
			projectRoot = "";
			targets = (
				FAAD3FB32A91F30900F633D6 /* learncoordinatorpattern */,
			);
		};
/* End PBXProject section */

/* Begin PBXResourcesBuildPhase section */
		FAAD3FB22A91F30900F633D6 /* Resources */ = {
			isa = PBXResourcesBuildPhase;
			buildActionMask = 2147483647;
			files = (
				FAAD3FC72A91F30A00F633D6 /* LaunchScreen.storyboard in Resources */,
				FAAD3FC42A91F30A00F633D6 /* Assets.xcassets in Resources */,
				FAAD3FBF2A91F30900F633D6 /* Main.storyboard in Resources */,
			);
			runOnlyForDeploymentPostprocessing = 0;
		};
/* End PBXResourcesBuildPhase section */

/* Begin PBXSourcesBuildPhase section */
		FAAD3FB02A91F30900F633D6 /* Sources */ = {
			isa = PBXSourcesBuildPhase;
			buildActionMask = 2147483647;
			files = (
				FAAD3FC22A91F30900F633D6 /* learncoordinatorpattern.xcdatamodeld in Sources */,
				FAAD3FBC2A91F30900F633D6 /* ViewController.swift in Sources */,
				FAAD3FB82A91F30900F633D6 /* AppDelegate.swift in Sources */,
				FAAD3FBA2A91F30900F633D6 /* SceneDelegate.swift in Sources */,
			);
			runOnlyForDeploymentPostprocessing = 0;
		};
/* End PBXSourcesBuildPhase section */

/* Begin PBXVariantGroup section */
		FAAD3FBD2A91F30900F633D6 /* Main.storyboard */ = {
			isa = PBXVariantGroup;
			children = (
				FAAD3FBE2A91F30900F633D6 /* Base */,
			);
			name = Main.storyboard;
			sourceTree = "<group>";
		};
		FAAD3FC52A91F30A00F633D6 /* LaunchScreen.storyboard */ = {
			isa = PBXVariantGroup;
			children = (
				FAAD3FC62A91F30A00F633D6 /* Base */,
			);
			name = LaunchScreen.storyboard;
			sourceTree = "<group>";
		};
/* End PBXVariantGroup section */

/* Begin XCBuildConfiguration section */
		FAAD3FC92A91F30A00F633D6 /* Debug */ = {
			isa = XCBuildConfiguration;
			buildSettings = {
				ALWAYS_SEARCH_USER_PATHS = NO;
				CLANG_ANALYZER_NONNULL = YES;
				CLANG_ANALYZER_NUMBER_OBJECT_CONVERSION = YES_AGGRESSIVE;
				CLANG_CXX_LANGUAGE_STANDARD = "gnu++20";
				CLANG_ENABLE_MODULES = YES;
				CLANG_ENABLE_OBJC_ARC = YES;
				CLANG_ENABLE_OBJC_WEAK = YES;
				CLANG_WARN_BLOCK_CAPTURE_AUTORELEASING = YES;
				CLANG_WARN_BOOL_CONVERSION = YES;
				CLANG_WARN_COMMA = YES;
				CLANG_WARN_CONSTANT_CONVERSION = YES;
				CLANG_WARN_DEPRECATED_OBJC_IMPLEMENTATIONS = YES;
				CLANG_WARN_DIRECT_OBJC_ISA_USAGE = YES_ERROR;
				CLANG_WARN_DOCUMENTATION_COMMENTS = YES;
				CLANG_WARN_EMPTY_BODY = YES;
				CLANG_WARN_ENUM_CONVERSION = YES;
				CLANG_WARN_INFINITE_RECURSION = YES;
				CLANG_WARN_INT_CONVERSION = YES;
				CLANG_WARN_NON_LITERAL_NULL_CONVERSION = YES;
				CLANG_WARN_OBJC_IMPLICIT_RETAIN_SELF = YES;
				CLANG_WARN_OBJC_LITERAL_CONVERSION = YES;
				CLANG_WARN_OBJC_ROOT_CLASS = YES_ERROR;
				CLANG_WARN_QUOTED_INCLUDE_IN_FRAMEWORK_HEADER = YES;
				CLANG_WARN_RANGE_LOOP_ANALYSIS = YES;
				CLANG_WARN_STRICT_PROTOTYPES = YES;
				CLANG_WARN_SUSPICIOUS_MOVE = YES;
				CLANG_WARN_UNGUARDED_AVAILABILITY = YES_AGGRESSIVE;
				CLANG_WARN_UNREACHABLE_CODE = YES;
				CLANG_WARN__DUPLICATE_METHOD_MATCH = YES;
				COPY_PHASE_STRIP = NO;
				DEBUG_INFORMATION_FORMAT = dwarf;
				ENABLE_STRICT_OBJC_MSGSEND = YES;
				ENABLE_TESTABILITY = YES;
				GCC_C_LANGUAGE_STANDARD = gnu11;
				GCC_DYNAMIC_NO_PIC = NO;
				GCC_NO_COMMON_BLOCKS = YES;
				GCC_OPTIMIZATION_LEVEL = 0;
				GCC_PREPROCESSOR_DEFINITIONS = (
					"DEBUG=1",
					"$(inherited)",
				);
				GCC_WARN_64_TO_32_BIT_CONVERSION = YES;
				GCC_WARN_ABOUT_RETURN_TYPE = YES_ERROR;
				GCC_WARN_UNDECLARED_SELECTOR = YES;
				GCC_WARN_UNINITIALIZED_AUTOS = YES_AGGRESSIVE;
				GCC_WARN_UNUSED_FUNCTION = YES;
				GCC_WARN_UNUSED_VARIABLE = YES;
				IPHONEOS_DEPLOYMENT_TARGET = 16.4;
				MTL_ENABLE_DEBUG_INFO = INCLUDE_SOURCE;
				MTL_FAST_MATH = YES;
				ONLY_ACTIVE_ARCH = YES;
				SDKROOT = iphoneos;
				SWIFT_ACTIVE_COMPILATION_CONDITIONS = DEBUG;
				SWIFT_OPTIMIZATION_LEVEL = "-Onone";
			};
			name = Debug;
		};
		FAAD3FCA2A91F30A00F633D6 /* Release */ = {
			isa = XCBuildConfiguration;
			buildSettings = {
				ALWAYS_SEARCH_USER_PATHS = NO;
				CLANG_ANALYZER_NONNULL = YES;
				CLANG_ANALYZER_NUMBER_OBJECT_CONVERSION = YES_AGGRESSIVE;
				CLANG_CXX_LANGUAGE_STANDARD = "gnu++20";
				CLANG_ENABLE_MODULES = YES;
				CLANG_ENABLE_OBJC_ARC = YES;
				CLANG_ENABLE_OBJC_WEAK = YES;
				CLANG_WARN_BLOCK_CAPTURE_AUTORELEASING = YES;
				CLANG_WARN_BOOL_CONVERSION = YES;
				CLANG_WARN_COMMA = YES;
				CLANG_WARN_CONSTANT_CONVERSION = YES;
				CLANG_WARN_DEPRECATED_OBJC_IMPLEMENTATIONS = YES;
				CLANG_WARN_DIRECT_OBJC_ISA_USAGE = YES_ERROR;
				CLANG_WARN_DOCUMENTATION_COMMENTS = YES;
				CLANG_WARN_EMPTY_BODY = YES;
				CLANG_WARN_ENUM_CONVERSION = YES;
				CLANG_WARN_INFINITE_RECURSION = YES;
				CLANG_WARN_INT_CONVERSION = YES;
				CLANG_WARN_NON_LITERAL_NULL_CONVERSION = YES;
				CLANG_WARN_OBJC_IMPLICIT_RETAIN_SELF = YES;
				CLANG_WARN_OBJC_LITERAL_CONVERSION = YES;
				CLANG_WARN_OBJC_ROOT_CLASS = YES_ERROR;
				CLANG_WARN_QUOTED_INCLUDE_IN_FRAMEWORK_HEADER = YES;
				CLANG_WARN_RANGE_LOOP_ANALYSIS = YES;
				CLANG_WARN_STRICT_PROTOTYPES = YES;
				CLANG_WARN_SUSPICIOUS_MOVE = YES;
				CLANG_WARN_UNGUARDED_AVAILABILITY = YES_AGGRESSIVE;
				CLANG_WARN_UNREACHABLE_CODE = YES;
				CLANG_WARN__DUPLICATE_METHOD_MATCH = YES;
				COPY_PHASE_STRIP = NO;
				DEBUG_INFORMATION_FORMAT = "dwarf-with-dsym";
				ENABLE_NS_ASSERTIONS = NO;
				ENABLE_STRICT_OBJC_MSGSEND = YES;
				GCC_C_LANGUAGE_STANDARD = gnu11;
				GCC_NO_COMMON_BLOCKS = YES;
				GCC_WARN_64_TO_32_BIT_CONVERSION = YES;
				GCC_WARN_ABOUT_RETURN_TYPE = YES_ERROR;
				GCC_WARN_UNDECLARED_SELECTOR = YES;
				GCC_WARN_UNINITIALIZED_AUTOS = YES_AGGRESSIVE;
				GCC_WARN_UNUSED_FUNCTION = YES;
				GCC_WARN_UNUSED_VARIABLE = YES;
				IPHONEOS_DEPLOYMENT_TARGET = 16.4;
				MTL_ENABLE_DEBUG_INFO = NO;
				MTL_FAST_MATH = YES;
				SDKROOT = iphoneos;
				SWIFT_COMPILATION_MODE = wholemodule;
				SWIFT_OPTIMIZATION_LEVEL = "-O";
				VALIDATE_PRODUCT = YES;
			};
			name = Release;
		};
		FAAD3FCC2A91F30A00F633D6 /* Debug */ = {
			isa = XCBuildConfiguration;
			buildSettings = {
				ASSETCATALOG_COMPILER_APPICON_NAME = AppIcon;
				ASSETCATALOG_COMPILER_GLOBAL_ACCENT_COLOR_NAME = AccentColor;
				CODE_SIGN_STYLE = Automatic;
				CURRENT_PROJECT_VERSION = 1;
				GENERATE_INFOPLIST_FILE = YES;
				INFOPLIST_FILE = learncoordinatorpattern/Info.plist;
				INFOPLIST_KEY_UIApplicationSupportsIndirectInputEvents = YES;
				INFOPLIST_KEY_UILaunchStoryboardName = LaunchScreen;
				INFOPLIST_KEY_UIMainStoryboardFile = Main;
				INFOPLIST_KEY_UISupportedInterfaceOrientations_iPad = "UIInterfaceOrientationPortrait UIInterfaceOrientationPortraitUpsideDown UIInterfaceOrientationLandscapeLeft UIInterfaceOrientationLandscapeRight";
				INFOPLIST_KEY_UISupportedInterfaceOrientations_iPhone = "UIInterfaceOrientationPortrait UIInterfaceOrientationLandscapeLeft UIInterfaceOrientationLandscapeRight";
				LD_RUNPATH_SEARCH_PATHS = (
					"$(inherited)",
					"@executable_path/Frameworks",
				);
				MARKETING_VERSION = 1.0;
				PRODUCT_BUNDLE_IDENTIFIER = hiep.learncoordinatorpattern;
				PRODUCT_NAME = "$(TARGET_NAME)";
				SWIFT_EMIT_LOC_STRINGS = YES;
				SWIFT_VERSION = 5.0;
				TARGETED_DEVICE_FAMILY = "1,2";
			};
			name = Debug;
		};
		FAAD3FCD2A91F30A00F633D6 /* Release */ = {
			isa = XCBuildConfiguration;
			buildSettings = {
				ASSETCATALOG_COMPILER_APPICON_NAME = AppIcon;
				ASSETCATALOG_COMPILER_GLOBAL_ACCENT_COLOR_NAME = AccentColor;
				CODE_SIGN_STYLE = Automatic;
				CURRENT_PROJECT_VERSION = 1;
				GENERATE_INFOPLIST_FILE = YES;
				INFOPLIST_FILE = learncoordinatorpattern/Info.plist;
				INFOPLIST_KEY_UIApplicationSupportsIndirectInputEvents = YES;
				INFOPLIST_KEY_UILaunchStoryboardName = LaunchScreen;
				INFOPLIST_KEY_UIMainStoryboardFile = Main;
				INFOPLIST_KEY_UISupportedInterfaceOrientations_iPad = "UIInterfaceOrientationPortrait UIInterfaceOrientationPortraitUpsideDown UIInterfaceOrientationLandscapeLeft UIInterfaceOrientationLandscapeRight";
				INFOPLIST_KEY_UISupportedInterfaceOrientations_iPhone = "UIInterfaceOrientationPortrait UIInterfaceOrientationLandscapeLeft UIInterfaceOrientationLandscapeRight";
				LD_RUNPATH_SEARCH_PATHS = (
					"$(inherited)",
					"@executable_path/Frameworks",
				);
				MARKETING_VERSION = 1.0;
				PRODUCT_BUNDLE_IDENTIFIER = hiep.learncoordinatorpattern;
				PRODUCT_NAME = "$(TARGET_NAME)";
				SWIFT_EMIT_LOC_STRINGS = YES;
				SWIFT_VERSION = 5.0;
				TARGETED_DEVICE_FAMILY = "1,2";
			};
			name = Release;
		};
/* End XCBuildConfiguration section */

/* Begin XCConfigurationList section */
		FAAD3FAF2A91F30900F633D6 /* Build configuration list for PBXProject "learncoordinatorpattern" */ = {
			isa = XCConfigurationList;
			buildConfigurations = (
				FAAD3FC92A91F30A00F633D6 /* Debug */,
				FAAD3FCA2A91F30A00F633D6 /* Release */,
			);
			defaultConfigurationIsVisible = 0;
			defaultConfigurationName = Release;
		};
		FAAD3FCB2A91F30A00F633D6 /* Build configuration list for PBXNativeTarget "learncoordinatorpattern" */ = {
			isa = XCConfigurationList;
			buildConfigurations = (
				FAAD3FCC2A91F30A00F633D6 /* Debug */,
				FAAD3FCD2A91F30A00F633D6 /* Release */,
			);
			defaultConfigurationIsVisible = 0;
			defaultConfigurationName = Release;
		};
/* End XCConfigurationList section */

/* Begin XCVersionGroup section */
		FAAD3FC02A91F30900F633D6 /* learncoordinatorpattern.xcdatamodeld */ = {
			isa = XCVersionGroup;
			children = (
				FAAD3FC12A91F30900F633D6 /* learncoordinatorpattern.xcdatamodel */,
			);
			currentVersion = FAAD3FC12A91F30900F633D6 /* learncoordinatorpattern.xcdatamodel */;
			path = learncoordinatorpattern.xcdatamodeld;
			sourceTree = "<group>";
			versionGroupType = wrapper.xcdatamodel;
		};
/* End XCVersionGroup section */
	};
	rootObject = FAAD3FAC2A91F30900F633D6 /* Project object */;
}
